
Microsoft Visual Studio Solution File, Format Version 12.00
# Visual Studio 2012
Project("{FAE04EC0-301F-11D3-BF4B-00C04F79EFBC}") = "16_03 podatki", "2_03 podatki\16_03 podatki.csproj", "{A7B52BC1-7461-472D-887F-CADE64BBA8CB}"
EndProject
Global
	GlobalSection(SolutionConfigurationPlatforms) = preSolution
		Debug|Any CPU = Debug|Any CPU
		Release|Any CPU = Release|Any CPU
	EndGlobalSection
	GlobalSection(ProjectConfigurationPlatforms) = postSolution
		{A7B52BC1-7461-472D-887F-CADE64BBA8CB}.Debug|Any CPU.ActiveCfg = Debug|Any CPU
		{A7B52BC1-7461-472D-887F-CADE64BBA8CB}.Debug|Any CPU.Build.0 = Debug|Any CPU
		{A7B52BC1-7461-472D-887F-CADE64BBA8CB}.Release|Any CPU.ActiveCfg = Release|Any CPU
		{A7B52BC1-7461-472D-887F-CADE64BBA8CB}.Release|Any CPU.Build.0 = Release|Any CPU
	EndGlobalSection
	GlobalSection(SolutionProperties) = preSolution
		HideSolutionNode = FALSE
	EndGlobalSection
EndGlobal
